
Microsoft Visual Studio Solution File, Format Version 12.00
# Visual Studio Version 17
VisualStudioVersion = 17.12.35827.183
MinimumVisualStudioVersion = 10.0.40219.1
Project("{FAE04EC0-301F-11D3-BF4B-00C04F79EFBC}") = "AudioDemo", "AudioDemo\AudioDemo.csproj", "{230798BC-FE41-4168-BAD5-AA8B18E8868E}"
EndProject
Global
	GlobalSection(SolutionConfigurationPlatforms) = preSolution
		Debug|Any CPU = Debug|Any CPU
		Release|Any CPU = Release|Any CPU
	EndGlobalSection
	GlobalSection(ProjectConfigurationPlatforms) = postSolution
		{230798BC-FE41-4168-BAD5-AA8B18E8868E}.Debug|Any CPU.ActiveCfg = Debug|x64
		{230798BC-FE41-4168-BAD5-AA8B18E8868E}.Debug|Any CPU.Build.0 = Debug|x64
		{230798BC-FE41-4168-BAD5-AA8B18E8868E}.Release|Any CPU.ActiveCfg = Release|x64
		{230798BC-FE41-4168-BAD5-AA8B18E8868E}.Release|Any CPU.Build.0 = Release|x64
	EndGlobalSection
	GlobalSection(SolutionProperties) = preSolution
		HideSolutionNode = FALSE
	EndGlobalSection
EndGlobal
