
Microsoft Visual Studio Solution File, Format Version 12.00
# Visual Studio Version 17
VisualStudioVersion = 17.12.35827.183
MinimumVisualStudioVersion = 10.0.40219.1
Project("{FAE04EC0-301F-11D3-BF4B-00C04F79EFBC}") = "AudioDemo", "AudioDemo\AudioDemo.csproj", "{230798BC-FE41-4168-BAD5-AA8B18E8868E}"
EndProject
Project("{FAE04EC0-301F-11D3-BF4B-00C04F79EFBC}") = "MediaRGBVideoEnhancementPlayback", "MediaRGBVideoEnhancementPlayback\MediaRGBVideoEnhancementPlayback.csproj", "{BD2365CD-644B-4C23-A6A4-9B5F0312D7CF}"
EndProject
Project("{8BC9CEB8-8B4A-11D0-8D11-00A0C91BC942}") = "RGBEnhancement", "RGBEnhancementDLL\RGBEnhancement.vcxproj", "{82AE2413-F082-4E0C-91F0-4AED972F105E}"
EndProject
Project("{FAE04EC0-301F-11D3-BF4B-00C04F79EFBC}") = "PTZandPresets", "PTZandPresets\PTZandPresets.csproj", "{4374B231-1720-4B4B-8B0D-EA0DF2D64B7D}"
EndProject
Project("{FAE04EC0-301F-11D3-BF4B-00C04F79EFBC}") = "VideoWallController", "VideoWallController\VideoWallController.csproj", "{5BA49ECD-6A1C-4C81-8014-9E3D6E5AF85E}"
EndProject
Project("{FAE04EC0-301F-11D3-BF4B-00C04F79EFBC}") = "LogOnServer", "LogOnServer\LogOnServer.csproj", "{F4C1342E-E263-4B4E-B072-27E21AE1A9D8}"
EndProject
Project("{FAE04EC0-301F-11D3-BF4B-00C04F79EFBC}") = "BookmarkCreator", "BookmarkCreator\BookmarkCreator.csproj", "{F963715C-8428-4C25-9A13-DE9C9341C3CE}"
EndProject
Project("{FAE04EC0-301F-11D3-BF4B-00C04F79EFBC}") = "BoundingBoxMetadataProvider", "BoundingBoxMetadataProvider\BoundingBoxMetadataProvider.csproj", "{3766DE5F-5F4C-4056-B49F-777197E27F4D}"
EndProject
Project("{FAE04EC0-301F-11D3-BF4B-00C04F79EFBC}") = "DownloadManagerClient", "DownloadManagerClient\DownloadManagerClient.csproj", "{27B099B3-B288-4250-BB57-0CFCE4BE2C4D}"
EndProject
Global
	GlobalSection(SolutionConfigurationPlatforms) = preSolution
		Debug|Any CPU = Debug|Any CPU
		Debug|x64 = Debug|x64
		Debug|x86 = Debug|x86
		Release|Any CPU = Release|Any CPU
		Release|x64 = Release|x64
		Release|x86 = Release|x86
	EndGlobalSection
	GlobalSection(ProjectConfigurationPlatforms) = postSolution
		{230798BC-FE41-4168-BAD5-AA8B18E8868E}.Debug|Any CPU.ActiveCfg = Debug|x64
		{230798BC-FE41-4168-BAD5-AA8B18E8868E}.Debug|Any CPU.Build.0 = Debug|x64
		{230798BC-FE41-4168-BAD5-AA8B18E8868E}.Debug|x64.ActiveCfg = Debug|x64
		{230798BC-FE41-4168-BAD5-AA8B18E8868E}.Debug|x64.Build.0 = Debug|x64
		{230798BC-FE41-4168-BAD5-AA8B18E8868E}.Debug|x86.ActiveCfg = Debug|x86
		{230798BC-FE41-4168-BAD5-AA8B18E8868E}.Debug|x86.Build.0 = Debug|x86
		{230798BC-FE41-4168-BAD5-AA8B18E8868E}.Release|Any CPU.ActiveCfg = Release|x64
		{230798BC-FE41-4168-BAD5-AA8B18E8868E}.Release|Any CPU.Build.0 = Release|x64
		{230798BC-FE41-4168-BAD5-AA8B18E8868E}.Release|x64.ActiveCfg = Release|x64
		{230798BC-FE41-4168-BAD5-AA8B18E8868E}.Release|x64.Build.0 = Release|x64
		{230798BC-FE41-4168-BAD5-AA8B18E8868E}.Release|x86.ActiveCfg = Release|x86
		{230798BC-FE41-4168-BAD5-AA8B18E8868E}.Release|x86.Build.0 = Release|x86
		{BD2365CD-644B-4C23-A6A4-9B5F0312D7CF}.Debug|Any CPU.ActiveCfg = Debug|x64
		{BD2365CD-644B-4C23-A6A4-9B5F0312D7CF}.Debug|Any CPU.Build.0 = Debug|x64
		{BD2365CD-644B-4C23-A6A4-9B5F0312D7CF}.Debug|x64.ActiveCfg = Debug|x64
		{BD2365CD-644B-4C23-A6A4-9B5F0312D7CF}.Debug|x64.Build.0 = Debug|x64
		{BD2365CD-644B-4C23-A6A4-9B5F0312D7CF}.Debug|x86.ActiveCfg = Debug|x86
		{BD2365CD-644B-4C23-A6A4-9B5F0312D7CF}.Debug|x86.Build.0 = Debug|x86
		{BD2365CD-644B-4C23-A6A4-9B5F0312D7CF}.Release|Any CPU.ActiveCfg = Release|x64
		{BD2365CD-644B-4C23-A6A4-9B5F0312D7CF}.Release|Any CPU.Build.0 = Release|x64
		{BD2365CD-644B-4C23-A6A4-9B5F0312D7CF}.Release|x64.ActiveCfg = Release|x64
		{BD2365CD-644B-4C23-A6A4-9B5F0312D7CF}.Release|x64.Build.0 = Release|x64
		{BD2365CD-644B-4C23-A6A4-9B5F0312D7CF}.Release|x86.ActiveCfg = Release|x86
		{BD2365CD-644B-4C23-A6A4-9B5F0312D7CF}.Release|x86.Build.0 = Release|x86
		{82AE2413-F082-4E0C-91F0-4AED972F105E}.Debug|Any CPU.ActiveCfg = Debug|x64
		{82AE2413-F082-4E0C-91F0-4AED972F105E}.Debug|Any CPU.Build.0 = Debug|x64
		{82AE2413-F082-4E0C-91F0-4AED972F105E}.Debug|x64.ActiveCfg = Debug|x64
		{82AE2413-F082-4E0C-91F0-4AED972F105E}.Debug|x64.Build.0 = Debug|x64
		{82AE2413-F082-4E0C-91F0-4AED972F105E}.Debug|x86.ActiveCfg = Debug|Win32
		{82AE2413-F082-4E0C-91F0-4AED972F105E}.Debug|x86.Build.0 = Debug|Win32
		{82AE2413-F082-4E0C-91F0-4AED972F105E}.Release|Any CPU.ActiveCfg = Release|x64
		{82AE2413-F082-4E0C-91F0-4AED972F105E}.Release|Any CPU.Build.0 = Release|x64
		{82AE2413-F082-4E0C-91F0-4AED972F105E}.Release|x64.ActiveCfg = Release|x64
		{82AE2413-F082-4E0C-91F0-4AED972F105E}.Release|x64.Build.0 = Release|x64
		{82AE2413-F082-4E0C-91F0-4AED972F105E}.Release|x86.ActiveCfg = Release|Win32
		{82AE2413-F082-4E0C-91F0-4AED972F105E}.Release|x86.Build.0 = Release|Win32
		{4374B231-1720-4B4B-8B0D-EA0DF2D64B7D}.Debug|Any CPU.ActiveCfg = Debug|x64
		{4374B231-1720-4B4B-8B0D-EA0DF2D64B7D}.Debug|Any CPU.Build.0 = Debug|x64
		{4374B231-1720-4B4B-8B0D-EA0DF2D64B7D}.Debug|x64.ActiveCfg = Debug|x64
		{4374B231-1720-4B4B-8B0D-EA0DF2D64B7D}.Debug|x64.Build.0 = Debug|x64
		{4374B231-1720-4B4B-8B0D-EA0DF2D64B7D}.Debug|x86.ActiveCfg = Debug|x64
		{4374B231-1720-4B4B-8B0D-EA0DF2D64B7D}.Debug|x86.Build.0 = Debug|x64
		{4374B231-1720-4B4B-8B0D-EA0DF2D64B7D}.Release|Any CPU.ActiveCfg = Release|x64
		{4374B231-1720-4B4B-8B0D-EA0DF2D64B7D}.Release|Any CPU.Build.0 = Release|x64
		{4374B231-1720-4B4B-8B0D-EA0DF2D64B7D}.Release|x64.ActiveCfg = Release|x64
		{4374B231-1720-4B4B-8B0D-EA0DF2D64B7D}.Release|x64.Build.0 = Release|x64
		{4374B231-1720-4B4B-8B0D-EA0DF2D64B7D}.Release|x86.ActiveCfg = Release|x64
		{4374B231-1720-4B4B-8B0D-EA0DF2D64B7D}.Release|x86.Build.0 = Release|x64
		{5BA49ECD-6A1C-4C81-8014-9E3D6E5AF85E}.Debug|Any CPU.ActiveCfg = Debug|x64
		{5BA49ECD-6A1C-4C81-8014-9E3D6E5AF85E}.Debug|Any CPU.Build.0 = Debug|x64
		{5BA49ECD-6A1C-4C81-8014-9E3D6E5AF85E}.Debug|x64.ActiveCfg = Debug|x64
		{5BA49ECD-6A1C-4C81-8014-9E3D6E5AF85E}.Debug|x64.Build.0 = Debug|x64
		{5BA49ECD-6A1C-4C81-8014-9E3D6E5AF85E}.Debug|x86.ActiveCfg = Debug|x86
		{5BA49ECD-6A1C-4C81-8014-9E3D6E5AF85E}.Debug|x86.Build.0 = Debug|x86
		{5BA49ECD-6A1C-4C81-8014-9E3D6E5AF85E}.Release|Any CPU.ActiveCfg = Release|x64
		{5BA49ECD-6A1C-4C81-8014-9E3D6E5AF85E}.Release|Any CPU.Build.0 = Release|x64
		{5BA49ECD-6A1C-4C81-8014-9E3D6E5AF85E}.Release|x64.ActiveCfg = Release|x64
		{5BA49ECD-6A1C-4C81-8014-9E3D6E5AF85E}.Release|x64.Build.0 = Release|x64
		{5BA49ECD-6A1C-4C81-8014-9E3D6E5AF85E}.Release|x86.ActiveCfg = Release|x86
		{5BA49ECD-6A1C-4C81-8014-9E3D6E5AF85E}.Release|x86.Build.0 = Release|x86
		{F4C1342E-E263-4B4E-B072-27E21AE1A9D8}.Debug|Any CPU.ActiveCfg = Debug|x64
		{F4C1342E-E263-4B4E-B072-27E21AE1A9D8}.Debug|Any CPU.Build.0 = Debug|x64
		{F4C1342E-E263-4B4E-B072-27E21AE1A9D8}.Debug|x64.ActiveCfg = Debug|x64
		{F4C1342E-E263-4B4E-B072-27E21AE1A9D8}.Debug|x64.Build.0 = Debug|x64
		{F4C1342E-E263-4B4E-B072-27E21AE1A9D8}.Debug|x86.ActiveCfg = Debug|x64
		{F4C1342E-E263-4B4E-B072-27E21AE1A9D8}.Debug|x86.Build.0 = Debug|x64
		{F4C1342E-E263-4B4E-B072-27E21AE1A9D8}.Release|Any CPU.ActiveCfg = Release|x64
		{F4C1342E-E263-4B4E-B072-27E21AE1A9D8}.Release|Any CPU.Build.0 = Release|x64
		{F4C1342E-E263-4B4E-B072-27E21AE1A9D8}.Release|x64.ActiveCfg = Release|x64
		{F4C1342E-E263-4B4E-B072-27E21AE1A9D8}.Release|x64.Build.0 = Release|x64
		{F4C1342E-E263-4B4E-B072-27E21AE1A9D8}.Release|x86.ActiveCfg = Release|x64
		{F4C1342E-E263-4B4E-B072-27E21AE1A9D8}.Release|x86.Build.0 = Release|x64
		{F963715C-8428-4C25-9A13-DE9C9341C3CE}.Debug|Any CPU.ActiveCfg = Debug|x64
		{F963715C-8428-4C25-9A13-DE9C9341C3CE}.Debug|Any CPU.Build.0 = Debug|x64
		{F963715C-8428-4C25-9A13-DE9C9341C3CE}.Debug|x64.ActiveCfg = Debug|x64
		{F963715C-8428-4C25-9A13-DE9C9341C3CE}.Debug|x64.Build.0 = Debug|x64
		{F963715C-8428-4C25-9A13-DE9C9341C3CE}.Debug|x86.ActiveCfg = Debug|x86
		{F963715C-8428-4C25-9A13-DE9C9341C3CE}.Debug|x86.Build.0 = Debug|x86
		{F963715C-8428-4C25-9A13-DE9C9341C3CE}.Release|Any CPU.ActiveCfg = Release|x64
		{F963715C-8428-4C25-9A13-DE9C9341C3CE}.Release|Any CPU.Build.0 = Release|x64
		{F963715C-8428-4C25-9A13-DE9C9341C3CE}.Release|x64.ActiveCfg = Release|x64
		{F963715C-8428-4C25-9A13-DE9C9341C3CE}.Release|x64.Build.0 = Release|x64
		{F963715C-8428-4C25-9A13-DE9C9341C3CE}.Release|x86.ActiveCfg = Release|x86
		{F963715C-8428-4C25-9A13-DE9C9341C3CE}.Release|x86.Build.0 = Release|x86
		{3766DE5F-5F4C-4056-B49F-777197E27F4D}.Debug|Any CPU.ActiveCfg = Debug|x64
		{3766DE5F-5F4C-4056-B49F-777197E27F4D}.Debug|Any CPU.Build.0 = Debug|x64
		{3766DE5F-5F4C-4056-B49F-777197E27F4D}.Debug|x64.ActiveCfg = Debug|x64
		{3766DE5F-5F4C-4056-B49F-777197E27F4D}.Debug|x64.Build.0 = Debug|x64
		{3766DE5F-5F4C-4056-B49F-777197E27F4D}.Debug|x86.ActiveCfg = Debug|x86
		{3766DE5F-5F4C-4056-B49F-777197E27F4D}.Debug|x86.Build.0 = Debug|x86
		{3766DE5F-5F4C-4056-B49F-777197E27F4D}.Release|Any CPU.ActiveCfg = Release|x64
		{3766DE5F-5F4C-4056-B49F-777197E27F4D}.Release|Any CPU.Build.0 = Release|x64
		{3766DE5F-5F4C-4056-B49F-777197E27F4D}.Release|x64.ActiveCfg = Release|x64
		{3766DE5F-5F4C-4056-B49F-777197E27F4D}.Release|x64.Build.0 = Release|x64
		{3766DE5F-5F4C-4056-B49F-777197E27F4D}.Release|x86.ActiveCfg = Release|x86
		{3766DE5F-5F4C-4056-B49F-777197E27F4D}.Release|x86.Build.0 = Release|x86
		{27B099B3-B288-4250-BB57-0CFCE4BE2C4D}.Debug|Any CPU.ActiveCfg = Debug|Any CPU
		{27B099B3-B288-4250-BB57-0CFCE4BE2C4D}.Debug|Any CPU.Build.0 = Debug|Any CPU
		{27B099B3-B288-4250-BB57-0CFCE4BE2C4D}.Debug|x64.ActiveCfg = Debug|Any CPU
		{27B099B3-B288-4250-BB57-0CFCE4BE2C4D}.Debug|x64.Build.0 = Debug|Any CPU
		{27B099B3-B288-4250-BB57-0CFCE4BE2C4D}.Debug|x86.ActiveCfg = Debug|Any CPU
		{27B099B3-B288-4250-BB57-0CFCE4BE2C4D}.Debug|x86.Build.0 = Debug|Any CPU
		{27B099B3-B288-4250-BB57-0CFCE4BE2C4D}.Release|Any CPU.ActiveCfg = Release|Any CPU
		{27B099B3-B288-4250-BB57-0CFCE4BE2C4D}.Release|Any CPU.Build.0 = Release|Any CPU
		{27B099B3-B288-4250-BB57-0CFCE4BE2C4D}.Release|x64.ActiveCfg = Release|Any CPU
		{27B099B3-B288-4250-BB57-0CFCE4BE2C4D}.Release|x64.Build.0 = Release|Any CPU
		{27B099B3-B288-4250-BB57-0CFCE4BE2C4D}.Release|x86.ActiveCfg = Release|Any CPU
		{27B099B3-B288-4250-BB57-0CFCE4BE2C4D}.Release|x86.Build.0 = Release|Any CPU
	EndGlobalSection
	GlobalSection(SolutionProperties) = preSolution
		HideSolutionNode = FALSE
	EndGlobalSection
EndGlobal
